// !$*UTF8*$!
{
	archiveVersion = 1;
	classes = {
	};
	objectVersion = 46;
	objects = {

/* Begin PBXBuildFile section */
		22AB49911DD5DF4200126CAC /* FirebaseAnalytics.framework in Frameworks */ = {isa = PBXBuildFile; fileRef = 22AB49901DD5DF4200126CAC /* FirebaseAnalytics.framework */; };
		22AB49931DD5E09B00126CAC /* GoogleAppUtilities.framework in Frameworks */ = {isa = PBXBuildFile; fileRef = 22AB49921DD5E09B00126CAC /* GoogleAppUtilities.framework */; };
		22AB49951DD5E0B900126CAC /* GoogleNetworkingUtilities.framework in Frameworks */ = {isa = PBXBuildFile; fileRef = 22AB49941DD5E0B900126CAC /* GoogleNetworkingUtilities.framework */; };
		22AB49991DD5E0CD00126CAC /* GoogleParsingUtilities.framework in Frameworks */ = {isa = PBXBuildFile; fileRef = 22AB49961DD5E0CD00126CAC /* GoogleParsingUtilities.framework */; };
		22AB499A1DD5E0CD00126CAC /* GooglePlusUtilities.framework in Frameworks */ = {isa = PBXBuildFile; fileRef = 22AB49971DD5E0CD00126CAC /* GooglePlusUtilities.framework */; };
		22AB499B1DD5E0CD00126CAC /* GoogleSignIn.framework in Frameworks */ = {isa = PBXBuildFile; fileRef = 22AB49981DD5E0CD00126CAC /* GoogleSignIn.framework */; };
		22AB499E1DD5E0DC00126CAC /* GTMOAuth2.framework in Frameworks */ = {isa = PBXBuildFile; fileRef = 22AB499C1DD5E0DC00126CAC /* GTMOAuth2.framework */; };
		22AB499F1DD5E0DC00126CAC /* GTMSessionFetcher.framework in Frameworks */ = {isa = PBXBuildFile; fileRef = 22AB499D1DD5E0DC00126CAC /* GTMSessionFetcher.framework */; };
		22AB49A21DD5F90900126CAC /* QuartzCore.framework in Frameworks */ = {isa = PBXBuildFile; fileRef = 22AB49A11DD5F90900126CAC /* QuartzCore.framework */; };
		22AB49A41DD5F91100126CAC /* AVFoundation.framework in Frameworks */ = {isa = PBXBuildFile; fileRef = 22AB49A31DD5F91100126CAC /* AVFoundation.framework */; };
		22AB49A61DD6187400126CAC /* CoreLocation.framework in Frameworks */ = {isa = PBXBuildFile; fileRef = 22AB49A51DD6187400126CAC /* CoreLocation.framework */; };
		CDE586A71DD4B2E2001D8781 /* AppDelegate.swift in Sources */ = {isa = PBXBuildFile; fileRef = CDE586A61DD4B2E2001D8781 /* AppDelegate.swift */; };
		CDE586AC1DD4B2E2001D8781 /* Main.storyboard in Resources */ = {isa = PBXBuildFile; fileRef = CDE586AA1DD4B2E2001D8781 /* Main.storyboard */; };
		CDE586C31DD4B3D6001D8781 /* Base.lproj in Resources */ = {isa = PBXBuildFile; fileRef = CDE586B81DD4B3D6001D8781 /* Base.lproj */; };
		CDE586C51DD4B3D6001D8781 /* DetailViewController.swift in Sources */ = {isa = PBXBuildFile; fileRef = CDE586BA1DD4B3D6001D8781 /* DetailViewController.swift */; };
		CDE586C61DD4B3D6001D8781 /* GradientView.swift in Sources */ = {isa = PBXBuildFile; fileRef = CDE586BB1DD4B3D6001D8781 /* GradientView.swift */; };
		CDE586C71DD4B3D6001D8781 /* Images.xcassets in Resources */ = {isa = PBXBuildFile; fileRef = CDE586BC1DD4B3D6001D8781 /* Images.xcassets */; };
		CDE586C81DD4B3D6001D8781 /* ItemsCell.swift in Sources */ = {isa = PBXBuildFile; fileRef = CDE586BD1DD4B3D6001D8781 /* ItemsCell.swift */; };
		CDE586C91DD4B3D6001D8781 /* MasterViewController.swift in Sources */ = {isa = PBXBuildFile; fileRef = CDE586BE1DD4B3D6001D8781 /* MasterViewController.swift */; };
		CDE586CA1DD4B3D6001D8781 /* Paper.swift in Sources */ = {isa = PBXBuildFile; fileRef = CDE586BF1DD4B3D6001D8781 /* Paper.swift */; };
		CDE586CB1DD4B3D6001D8781 /* Papers.plist in Resources */ = {isa = PBXBuildFile; fileRef = CDE586C01DD4B3D6001D8781 /* Papers.plist */; };
		CDE586CC1DD4B3D6001D8781 /* PapersDataSource.swift in Sources */ = {isa = PBXBuildFile; fileRef = CDE586C11DD4B3D6001D8781 /* PapersDataSource.swift */; };
		CDE586CD1DD4B3D6001D8781 /* SectionHeaderView.swift in Sources */ = {isa = PBXBuildFile; fileRef = CDE586C21DD4B3D6001D8781 /* SectionHeaderView.swift */; };
		CDE586CF1DD4B4F1001D8781 /* GoogleService-Info.plist in Resources */ = {isa = PBXBuildFile; fileRef = CDE586CE1DD4B4F1001D8781 /* GoogleService-Info.plist */; };
		CDE587151DD4BBC9001D8781 /* GoogleMobileAds.framework in Frameworks */ = {isa = PBXBuildFile; fileRef = CDE587141DD4BBC9001D8781 /* GoogleMobileAds.framework */; };
		CDE5871D1DD4BBCC001D8781 /* FirebaseCore.framework in Frameworks */ = {isa = PBXBuildFile; fileRef = CDE587171DD4BBCC001D8781 /* FirebaseCore.framework */; };
		CDE5871E1DD4BBCC001D8781 /* FirebaseInstanceID.framework in Frameworks */ = {isa = PBXBuildFile; fileRef = CDE587181DD4BBCC001D8781 /* FirebaseInstanceID.framework */; };
		CDE5871F1DD4BBCC001D8781 /* GoogleInterchangeUtilities.framework in Frameworks */ = {isa = PBXBuildFile; fileRef = CDE587191DD4BBCC001D8781 /* GoogleInterchangeUtilities.framework */; };
		CDE587201DD4BBCC001D8781 /* GoogleSymbolUtilities.framework in Frameworks */ = {isa = PBXBuildFile; fileRef = CDE5871A1DD4BBCC001D8781 /* GoogleSymbolUtilities.framework */; };
		CDE587211DD4BBCC001D8781 /* GoogleToolboxForMac.framework in Frameworks */ = {isa = PBXBuildFile; fileRef = CDE5871B1DD4BBCC001D8781 /* GoogleToolboxForMac.framework */; };
		CDE587241DD4BBD6001D8781 /* FirebaseAuth.framework in Frameworks */ = {isa = PBXBuildFile; fileRef = CDE587221DD4BBD6001D8781 /* FirebaseAuth.framework */; };
		CDE587251DD4BBD6001D8781 /* GTMSessionFetcher.framework in Frameworks */ = {isa = PBXBuildFile; fileRef = CDE587231DD4BBD6001D8781 /* GTMSessionFetcher.framework */; };
		CDE587271DD4BBDB001D8781 /* FirebaseCrash.framework in Frameworks */ = {isa = PBXBuildFile; fileRef = CDE587261DD4BBDB001D8781 /* FirebaseCrash.framework */; };
		CDE587291DD4BBE2001D8781 /* FirebaseDatabase.framework in Frameworks */ = {isa = PBXBuildFile; fileRef = CDE587281DD4BBE2001D8781 /* FirebaseDatabase.framework */; };
		CDE5872B1DD4BBEC001D8781 /* FirebaseRemoteConfig.framework in Frameworks */ = {isa = PBXBuildFile; fileRef = CDE5872A1DD4BBEC001D8781 /* FirebaseRemoteConfig.framework */; };
		CDE5872D1DD4BBF1001D8781 /* FirebaseStorage.framework in Frameworks */ = {isa = PBXBuildFile; fileRef = CDE5872C1DD4BBF1001D8781 /* FirebaseStorage.framework */; };
		CDE5872F1DD4BC31001D8781 /* FirebaseAppIndexing.framework in Frameworks */ = {isa = PBXBuildFile; fileRef = CDE5872E1DD4BC31001D8781 /* FirebaseAppIndexing.framework */; };
		CDE587311DD4BC3C001D8781 /* FirebaseDynamicLinks.framework in Frameworks */ = {isa = PBXBuildFile; fileRef = CDE587301DD4BC3C001D8781 /* FirebaseDynamicLinks.framework */; };
		CDE587331DD4BC4F001D8781 /* FirebaseMessaging.framework in Frameworks */ = {isa = PBXBuildFile; fileRef = CDE587321DD4BC4F001D8781 /* FirebaseMessaging.framework */; };
/* End PBXBuildFile section */

/* Begin PBXFileReference section */
		22AB49901DD5DF4200126CAC /* FirebaseAnalytics.framework */ = {isa = PBXFileReference; lastKnownFileType = wrapper.framework; path = FirebaseAnalytics.framework; sourceTree = "<group>"; };
		22AB49921DD5E09B00126CAC /* GoogleAppUtilities.framework */ = {isa = PBXFileReference; lastKnownFileType = wrapper.framework; path = GoogleAppUtilities.framework; sourceTree = "<group>"; };
		22AB49941DD5E0B900126CAC /* GoogleNetworkingUtilities.framework */ = {isa = PBXFileReference; lastKnownFileType = wrapper.framework; path = GoogleNetworkingUtilities.framework; sourceTree = "<group>"; };
		22AB49961DD5E0CD00126CAC /* GoogleParsingUtilities.framework */ = {isa = PBXFileReference; lastKnownFileType = wrapper.framework; path = GoogleParsingUtilities.framework; sourceTree = "<group>"; };
		22AB49971DD5E0CD00126CAC /* GooglePlusUtilities.framework */ = {isa = PBXFileReference; lastKnownFileType = wrapper.framework; path = GooglePlusUtilities.framework; sourceTree = "<group>"; };
		22AB49981DD5E0CD00126CAC /* GoogleSignIn.framework */ = {isa = PBXFileReference; lastKnownFileType = wrapper.framework; path = GoogleSignIn.framework; sourceTree = "<group>"; };
		22AB499C1DD5E0DC00126CAC /* GTMOAuth2.framework */ = {isa = PBXFileReference; lastKnownFileType = wrapper.framework; path = GTMOAuth2.framework; sourceTree = "<group>"; };
		22AB499D1DD5E0DC00126CAC /* GTMSessionFetcher.framework */ = {isa = PBXFileReference; lastKnownFileType = wrapper.framework; path = GTMSessionFetcher.framework; sourceTree = "<group>"; };
		22AB49A11DD5F90900126CAC /* QuartzCore.framework */ = {isa = PBXFileReference; lastKnownFileType = wrapper.framework; name = QuartzCore.framework; path = System/Library/Frameworks/QuartzCore.framework; sourceTree = SDKROOT; };
		22AB49A31DD5F91100126CAC /* AVFoundation.framework */ = {isa = PBXFileReference; lastKnownFileType = wrapper.framework; name = AVFoundation.framework; path = System/Library/Frameworks/AVFoundation.framework; sourceTree = SDKROOT; };
		22AB49A51DD6187400126CAC /* CoreLocation.framework */ = {isa = PBXFileReference; lastKnownFileType = wrapper.framework; name = CoreLocation.framework; path = System/Library/Frameworks/CoreLocation.framework; sourceTree = SDKROOT; };
		CDE586A31DD4B2E2001D8781 /* CaVendramin.app */ = {isa = PBXFileReference; explicitFileType = wrapper.application; includeInIndex = 0; path = CaVendramin.app; sourceTree = BUILT_PRODUCTS_DIR; };
		CDE586A61DD4B2E2001D8781 /* AppDelegate.swift */ = {isa = PBXFileReference; lastKnownFileType = sourcecode.swift; path = AppDelegate.swift; sourceTree = "<group>"; };
		CDE586AB1DD4B2E2001D8781 /* Base */ = {isa = PBXFileReference; lastKnownFileType = file.storyboard; name = Base; path = Base.lproj/Main.storyboard; sourceTree = "<group>"; };
		CDE586B21DD4B2E2001D8781 /* Info.plist */ = {isa = PBXFileReference; lastKnownFileType = text.plist.xml; path = Info.plist; sourceTree = "<group>"; };
		CDE586B81DD4B3D6001D8781 /* Base.lproj */ = {isa = PBXFileReference; lastKnownFileType = folder; name = Base.lproj; path = CaVendramin/Base.lproj; sourceTree = "<group>"; };
		CDE586BA1DD4B3D6001D8781 /* DetailViewController.swift */ = {isa = PBXFileReference; fileEncoding = 4; lastKnownFileType = sourcecode.swift; name = DetailViewController.swift; path = CaVendramin/DetailViewController.swift; sourceTree = "<group>"; };
		CDE586BB1DD4B3D6001D8781 /* GradientView.swift */ = {isa = PBXFileReference; fileEncoding = 4; lastKnownFileType = sourcecode.swift; name = GradientView.swift; path = CaVendramin/GradientView.swift; sourceTree = "<group>"; };
		CDE586BC1DD4B3D6001D8781 /* Images.xcassets */ = {isa = PBXFileReference; lastKnownFileType = folder.assetcatalog; name = Images.xcassets; path = CaVendramin/Images.xcassets; sourceTree = "<group>"; };
		CDE586BD1DD4B3D6001D8781 /* ItemsCell.swift */ = {isa = PBXFileReference; fileEncoding = 4; lastKnownFileType = sourcecode.swift; name = ItemsCell.swift; path = CaVendramin/ItemsCell.swift; sourceTree = "<group>"; };
		CDE586BE1DD4B3D6001D8781 /* MasterViewController.swift */ = {isa = PBXFileReference; fileEncoding = 4; lastKnownFileType = sourcecode.swift; name = MasterViewController.swift; path = CaVendramin/MasterViewController.swift; sourceTree = "<group>"; };
		CDE586BF1DD4B3D6001D8781 /* Paper.swift */ = {isa = PBXFileReference; fileEncoding = 4; lastKnownFileType = sourcecode.swift; name = Paper.swift; path = CaVendramin/Paper.swift; sourceTree = "<group>"; };
		CDE586C01DD4B3D6001D8781 /* Papers.plist */ = {isa = PBXFileReference; fileEncoding = 4; lastKnownFileType = text.plist.xml; name = Papers.plist; path = CaVendramin/Papers.plist; sourceTree = "<group>"; };
		CDE586C11DD4B3D6001D8781 /* PapersDataSource.swift */ = {isa = PBXFileReference; fileEncoding = 4; lastKnownFileType = sourcecode.swift; name = PapersDataSource.swift; path = CaVendramin/PapersDataSource.swift; sourceTree = "<group>"; };
		CDE586C21DD4B3D6001D8781 /* SectionHeaderView.swift */ = {isa = PBXFileReference; fileEncoding = 4; lastKnownFileType = sourcecode.swift; name = SectionHeaderView.swift; path = CaVendramin/SectionHeaderView.swift; sourceTree = "<group>"; };
		CDE586CE1DD4B4F1001D8781 /* GoogleService-Info.plist */ = {isa = PBXFileReference; fileEncoding = 4; lastKnownFileType = text.plist.xml; path = "GoogleService-Info.plist"; sourceTree = "<group>"; };
		CDE586F51DD4B87A001D8781 /* module.modulemap */ = {isa = PBXFileReference; lastKnownFileType = "sourcecode.module-map"; path = module.modulemap; sourceTree = "<group>"; };
		CDE587131DD4BBB2001D8781 /* Firebase.h */ = {isa = PBXFileReference; lastKnownFileType = sourcecode.c.h; path = Firebase.h; sourceTree = "<group>"; };
		CDE587141DD4BBC9001D8781 /* GoogleMobileAds.framework */ = {isa = PBXFileReference; lastKnownFileType = wrapper.framework; path = GoogleMobileAds.framework; sourceTree = "<group>"; };
		CDE587171DD4BBCC001D8781 /* FirebaseCore.framework */ = {isa = PBXFileReference; lastKnownFileType = wrapper.framework; path = FirebaseCore.framework; sourceTree = "<group>"; };
		CDE587181DD4BBCC001D8781 /* FirebaseInstanceID.framework */ = {isa = PBXFileReference; lastKnownFileType = wrapper.framework; path = FirebaseInstanceID.framework; sourceTree = "<group>"; };
		CDE587191DD4BBCC001D8781 /* GoogleInterchangeUtilities.framework */ = {isa = PBXFileReference; lastKnownFileType = wrapper.framework; path = GoogleInterchangeUtilities.framework; sourceTree = "<group>"; };
		CDE5871A1DD4BBCC001D8781 /* GoogleSymbolUtilities.framework */ = {isa = PBXFileReference; lastKnownFileType = wrapper.framework; path = GoogleSymbolUtilities.framework; sourceTree = "<group>"; };
		CDE5871B1DD4BBCC001D8781 /* GoogleToolboxForMac.framework */ = {isa = PBXFileReference; lastKnownFileType = wrapper.framework; path = GoogleToolboxForMac.framework; sourceTree = "<group>"; };
		CDE587221DD4BBD6001D8781 /* FirebaseAuth.framework */ = {isa = PBXFileReference; lastKnownFileType = wrapper.framework; path = FirebaseAuth.framework; sourceTree = "<group>"; };
		CDE587231DD4BBD6001D8781 /* GTMSessionFetcher.framework */ = {isa = PBXFileReference; lastKnownFileType = wrapper.framework; path = GTMSessionFetcher.framework; sourceTree = "<group>"; };
		CDE587261DD4BBDB001D8781 /* FirebaseCrash.framework */ = {isa = PBXFileReference; lastKnownFileType = wrapper.framework; path = FirebaseCrash.framework; sourceTree = "<group>"; };
		CDE587281DD4BBE2001D8781 /* FirebaseDatabase.framework */ = {isa = PBXFileReference; lastKnownFileType = wrapper.framework; path = FirebaseDatabase.framework; sourceTree = "<group>"; };
		CDE5872A1DD4BBEC001D8781 /* FirebaseRemoteConfig.framework */ = {isa = PBXFileReference; lastKnownFileType = wrapper.framework; path = FirebaseRemoteConfig.framework; sourceTree = "<group>"; };
		CDE5872C1DD4BBF1001D8781 /* FirebaseStorage.framework */ = {isa = PBXFileReference; lastKnownFileType = wrapper.framework; path = FirebaseStorage.framework; sourceTree = "<group>"; };
		CDE5872E1DD4BC31001D8781 /* FirebaseAppIndexing.framework */ = {isa = PBXFileReference; lastKnownFileType = wrapper.framework; path = FirebaseAppIndexing.framework; sourceTree = "<group>"; };
		CDE587301DD4BC3C001D8781 /* FirebaseDynamicLinks.framework */ = {isa = PBXFileReference; lastKnownFileType = wrapper.framework; path = FirebaseDynamicLinks.framework; sourceTree = "<group>"; };
		CDE587321DD4BC4F001D8781 /* FirebaseMessaging.framework */ = {isa = PBXFileReference; lastKnownFileType = wrapper.framework; path = FirebaseMessaging.framework; sourceTree = "<group>"; };
/* End PBXFileReference section */

/* Begin PBXFrameworksBuildPhase section */
		CDE586A01DD4B2E2001D8781 /* Frameworks */ = {
			isa = PBXFrameworksBuildPhase;
			buildActionMask = 2147483647;
			files = (
				22AB49A61DD6187400126CAC /* CoreLocation.framework in Frameworks */,
				22AB49A41DD5F91100126CAC /* AVFoundation.framework in Frameworks */,
				22AB49A21DD5F90900126CAC /* QuartzCore.framework in Frameworks */,
				22AB49911DD5DF4200126CAC /* FirebaseAnalytics.framework in Frameworks */,
				CDE587211DD4BBCC001D8781 /* GoogleToolboxForMac.framework in Frameworks */,
				22AB499E1DD5E0DC00126CAC /* GTMOAuth2.framework in Frameworks */,
				CDE587311DD4BC3C001D8781 /* FirebaseDynamicLinks.framework in Frameworks */,
				CDE5872F1DD4BC31001D8781 /* FirebaseAppIndexing.framework in Frameworks */,
				CDE587251DD4BBD6001D8781 /* GTMSessionFetcher.framework in Frameworks */,
				CDE587201DD4BBCC001D8781 /* GoogleSymbolUtilities.framework in Frameworks */,
				22AB49931DD5E09B00126CAC /* GoogleAppUtilities.framework in Frameworks */,
				22AB499B1DD5E0CD00126CAC /* GoogleSignIn.framework in Frameworks */,
				22AB499F1DD5E0DC00126CAC /* GTMSessionFetcher.framework in Frameworks */,
				CDE587331DD4BC4F001D8781 /* FirebaseMessaging.framework in Frameworks */,
				CDE587151DD4BBC9001D8781 /* GoogleMobileAds.framework in Frameworks */,
				CDE5871D1DD4BBCC001D8781 /* FirebaseCore.framework in Frameworks */,
				22AB49991DD5E0CD00126CAC /* GoogleParsingUtilities.framework in Frameworks */,
				22AB49951DD5E0B900126CAC /* GoogleNetworkingUtilities.framework in Frameworks */,
				CDE587241DD4BBD6001D8781 /* FirebaseAuth.framework in Frameworks */,
				CDE5871E1DD4BBCC001D8781 /* FirebaseInstanceID.framework in Frameworks */,
				CDE587291DD4BBE2001D8781 /* FirebaseDatabase.framework in Frameworks */,
				CDE5872B1DD4BBEC001D8781 /* FirebaseRemoteConfig.framework in Frameworks */,
				CDE5871F1DD4BBCC001D8781 /* GoogleInterchangeUtilities.framework in Frameworks */,
				CDE587271DD4BBDB001D8781 /* FirebaseCrash.framework in Frameworks */,
				22AB499A1DD5E0CD00126CAC /* GooglePlusUtilities.framework in Frameworks */,
				CDE5872D1DD4BBF1001D8781 /* FirebaseStorage.framework in Frameworks */,
			);
			runOnlyForDeploymentPostprocessing = 0;
		};
/* End PBXFrameworksBuildPhase section */

/* Begin PBXGroup section */
		22AB49A01DD5F90900126CAC /* Frameworks */ = {
			isa = PBXGroup;
			children = (
				22AB49A51DD6187400126CAC /* CoreLocation.framework */,
				22AB49A31DD5F91100126CAC /* AVFoundation.framework */,
				22AB49A11DD5F90900126CAC /* QuartzCore.framework */,
			);
			name = Frameworks;
			sourceTree = "<group>";
		};
		CDE5869A1DD4B2E2001D8781 = {
			isa = PBXGroup;
			children = (
				CDE587131DD4BBB2001D8781 /* Firebase.h */,
				CDE586F51DD4B87A001D8781 /* module.modulemap */,
				CDE586CE1DD4B4F1001D8781 /* GoogleService-Info.plist */,
				CDE586B81DD4B3D6001D8781 /* Base.lproj */,
				CDE586BA1DD4B3D6001D8781 /* DetailViewController.swift */,
				CDE586BB1DD4B3D6001D8781 /* GradientView.swift */,
				CDE586BC1DD4B3D6001D8781 /* Images.xcassets */,
				CDE586BD1DD4B3D6001D8781 /* ItemsCell.swift */,
				CDE586BE1DD4B3D6001D8781 /* MasterViewController.swift */,
				CDE586BF1DD4B3D6001D8781 /* Paper.swift */,
				CDE586C01DD4B3D6001D8781 /* Papers.plist */,
				CDE586C11DD4B3D6001D8781 /* PapersDataSource.swift */,
				CDE586C21DD4B3D6001D8781 /* SectionHeaderView.swift */,
				CDE586A51DD4B2E2001D8781 /* CaVendramin */,
				CDE586A41DD4B2E2001D8781 /* Products */,
				22AB49A01DD5F90900126CAC /* Frameworks */,
			);
			sourceTree = "<group>";
		};
		CDE586A41DD4B2E2001D8781 /* Products */ = {
			isa = PBXGroup;
			children = (
				CDE586A31DD4B2E2001D8781 /* CaVendramin.app */,
			);
			name = Products;
			sourceTree = "<group>";
		};
		CDE586A51DD4B2E2001D8781 /* CaVendramin */ = {
			isa = PBXGroup;
			children = (
				CDE586D01DD4B56C001D8781 /* Framework */,
				CDE586A61DD4B2E2001D8781 /* AppDelegate.swift */,
				CDE586AA1DD4B2E2001D8781 /* Main.storyboard */,
				CDE586B21DD4B2E2001D8781 /* Info.plist */,
			);
			path = CaVendramin;
			sourceTree = "<group>";
		};
		CDE586D01DD4B56C001D8781 /* Framework */ = {
			isa = PBXGroup;
			children = (
				22AB499C1DD5E0DC00126CAC /* GTMOAuth2.framework */,
				22AB499D1DD5E0DC00126CAC /* GTMSessionFetcher.framework */,
				22AB49961DD5E0CD00126CAC /* GoogleParsingUtilities.framework */,
				22AB49971DD5E0CD00126CAC /* GooglePlusUtilities.framework */,
				22AB49981DD5E0CD00126CAC /* GoogleSignIn.framework */,
				22AB49941DD5E0B900126CAC /* GoogleNetworkingUtilities.framework */,
				22AB49921DD5E09B00126CAC /* GoogleAppUtilities.framework */,
				22AB49901DD5DF4200126CAC /* FirebaseAnalytics.framework */,
				CDE587321DD4BC4F001D8781 /* FirebaseMessaging.framework */,
				CDE587301DD4BC3C001D8781 /* FirebaseDynamicLinks.framework */,
				CDE5872E1DD4BC31001D8781 /* FirebaseAppIndexing.framework */,
				CDE5872C1DD4BBF1001D8781 /* FirebaseStorage.framework */,
				CDE5872A1DD4BBEC001D8781 /* FirebaseRemoteConfig.framework */,
				CDE587281DD4BBE2001D8781 /* FirebaseDatabase.framework */,
				CDE587261DD4BBDB001D8781 /* FirebaseCrash.framework */,
				CDE587221DD4BBD6001D8781 /* FirebaseAuth.framework */,
				CDE587231DD4BBD6001D8781 /* GTMSessionFetcher.framework */,
				CDE587171DD4BBCC001D8781 /* FirebaseCore.framework */,
				CDE587181DD4BBCC001D8781 /* FirebaseInstanceID.framework */,
				CDE587191DD4BBCC001D8781 /* GoogleInterchangeUtilities.framework */,
				CDE5871A1DD4BBCC001D8781 /* GoogleSymbolUtilities.framework */,
				CDE5871B1DD4BBCC001D8781 /* GoogleToolboxForMac.framework */,
				CDE587141DD4BBC9001D8781 /* GoogleMobileAds.framework */,
			);
			name = Framework;
			sourceTree = "<group>";
		};
/* End PBXGroup section */

/* Begin PBXNativeTarget section */
		CDE586A21DD4B2E2001D8781 /* CaVendramin */ = {
			isa = PBXNativeTarget;
			buildConfigurationList = CDE586B51DD4B2E2001D8781 /* Build configuration list for PBXNativeTarget "CaVendramin" */;
			buildPhases = (
				CDE5869F1DD4B2E2001D8781 /* Sources */,
				CDE586A01DD4B2E2001D8781 /* Frameworks */,
				CDE586A11DD4B2E2001D8781 /* Resources */,
			);
			buildRules = (
			);
			dependencies = (
			);
			name = CaVendramin;
			productName = CaVendramin;
			productReference = CDE586A31DD4B2E2001D8781 /* CaVendramin.app */;
			productType = "com.apple.product-type.application";
		};
/* End PBXNativeTarget section */

/* Begin PBXProject section */
		CDE5869B1DD4B2E2001D8781 /* Project object */ = {
			isa = PBXProject;
			attributes = {
				LastSwiftUpdateCheck = 0810;
				LastUpgradeCheck = 0810;
				ORGANIZATIONNAME = "Massimo Moro";
				TargetAttributes = {
					CDE586A21DD4B2E2001D8781 = {
						CreatedOnToolsVersion = 8.1;
						DevelopmentTeam = 93MU66AW6P;
						ProvisioningStyle = Automatic;
					};
				};
			};
			buildConfigurationList = CDE5869E1DD4B2E2001D8781 /* Build configuration list for PBXProject "CaVendramin" */;
			compatibilityVersion = "Xcode 3.2";
			developmentRegion = English;
			hasScannedForEncodings = 0;
			knownRegions = (
				en,
				Base,
			);
			mainGroup = CDE5869A1DD4B2E2001D8781;
			productRefGroup = CDE586A41DD4B2E2001D8781 /* Products */;
			projectDirPath = "";
			projectRoot = "";
			targets = (
				CDE586A21DD4B2E2001D8781 /* CaVendramin */,
			);
		};
/* End PBXProject section */

/* Begin PBXResourcesBuildPhase section */
		CDE586A11DD4B2E2001D8781 /* Resources */ = {
			isa = PBXResourcesBuildPhase;
			buildActionMask = 2147483647;
			files = (
				CDE586C71DD4B3D6001D8781 /* Images.xcassets in Resources */,
				CDE586C31DD4B3D6001D8781 /* Base.lproj in Resources */,
				CDE586CF1DD4B4F1001D8781 /* GoogleService-Info.plist in Resources */,
				CDE586AC1DD4B2E2001D8781 /* Main.storyboard in Resources */,
				CDE586CB1DD4B3D6001D8781 /* Papers.plist in Resources */,
			);
			runOnlyForDeploymentPostprocessing = 0;
		};
/* End PBXResourcesBuildPhase section */

/* Begin PBXSourcesBuildPhase section */
		CDE5869F1DD4B2E2001D8781 /* Sources */ = {
			isa = PBXSourcesBuildPhase;
			buildActionMask = 2147483647;
			files = (
				CDE586C81DD4B3D6001D8781 /* ItemsCell.swift in Sources */,
				CDE586C51DD4B3D6001D8781 /* DetailViewController.swift in Sources */,
				CDE586C91DD4B3D6001D8781 /* MasterViewController.swift in Sources */,
				CDE586CD1DD4B3D6001D8781 /* SectionHeaderView.swift in Sources */,
				CDE586C61DD4B3D6001D8781 /* GradientView.swift in Sources */,
				CDE586A71DD4B2E2001D8781 /* AppDelegate.swift in Sources */,
				CDE586CA1DD4B3D6001D8781 /* Paper.swift in Sources */,
				CDE586CC1DD4B3D6001D8781 /* PapersDataSource.swift in Sources */,
			);
			runOnlyForDeploymentPostprocessing = 0;
		};
/* End PBXSourcesBuildPhase section */

/* Begin PBXVariantGroup section */
		CDE586AA1DD4B2E2001D8781 /* Main.storyboard */ = {
			isa = PBXVariantGroup;
			children = (
				CDE586AB1DD4B2E2001D8781 /* Base */,
			);
			name = Main.storyboard;
			sourceTree = "<group>";
		};
/* End PBXVariantGroup section */

/* Begin XCBuildConfiguration section */
		CDE586B31DD4B2E2001D8781 /* Debug */ = {
			isa = XCBuildConfiguration;
			buildSettings = {
				ALWAYS_SEARCH_USER_PATHS = NO;
				CLANG_ANALYZER_NONNULL = YES;
				CLANG_CXX_LANGUAGE_STANDARD = "gnu++0x";
				CLANG_CXX_LIBRARY = "libc++";
				CLANG_ENABLE_MODULES = YES;
				CLANG_ENABLE_OBJC_ARC = YES;
				CLANG_WARN_BOOL_CONVERSION = YES;
				CLANG_WARN_CONSTANT_CONVERSION = YES;
				CLANG_WARN_DIRECT_OBJC_ISA_USAGE = YES_ERROR;
				CLANG_WARN_DOCUMENTATION_COMMENTS = YES;
				CLANG_WARN_EMPTY_BODY = YES;
				CLANG_WARN_ENUM_CONVERSION = YES;
				CLANG_WARN_INFINITE_RECURSION = YES;
				CLANG_WARN_INT_CONVERSION = YES;
				CLANG_WARN_OBJC_ROOT_CLASS = YES_ERROR;
				CLANG_WARN_SUSPICIOUS_MOVES = YES;
				CLANG_WARN_UNREACHABLE_CODE = YES;
				CLANG_WARN__DUPLICATE_METHOD_MATCH = YES;
				"CODE_SIGN_IDENTITY[sdk=iphoneos*]" = "iPhone Developer";
				COPY_PHASE_STRIP = NO;
				DEBUG_INFORMATION_FORMAT = dwarf;
				ENABLE_STRICT_OBJC_MSGSEND = YES;
				ENABLE_TESTABILITY = YES;
				GCC_C_LANGUAGE_STANDARD = gnu99;
				GCC_DYNAMIC_NO_PIC = NO;
				GCC_NO_COMMON_BLOCKS = YES;
				GCC_OPTIMIZATION_LEVEL = 0;
				GCC_PREPROCESSOR_DEFINITIONS = (
					"DEBUG=1",
					"$(inherited)",
				);
				GCC_WARN_64_TO_32_BIT_CONVERSION = YES;
				GCC_WARN_ABOUT_RETURN_TYPE = YES_ERROR;
				GCC_WARN_UNDECLARED_SELECTOR = YES;
				GCC_WARN_UNINITIALIZED_AUTOS = YES_AGGRESSIVE;
				GCC_WARN_UNUSED_FUNCTION = YES;
				GCC_WARN_UNUSED_VARIABLE = YES;
				IPHONEOS_DEPLOYMENT_TARGET = 10.1;
				MTL_ENABLE_DEBUG_INFO = YES;
				ONLY_ACTIVE_ARCH = YES;
				OTHER_LDFLAGS = "-ObjC";
				SDKROOT = iphoneos;
				SWIFT_ACTIVE_COMPILATION_CONDITIONS = DEBUG;
				SWIFT_OPTIMIZATION_LEVEL = "-Onone";
				TARGETED_DEVICE_FAMILY = "1,2";
				USER_HEADER_SEARCH_PATHS = "$(PROJECT_DIR)";
			};
			name = Debug;
		};
		CDE586B41DD4B2E2001D8781 /* Release */ = {
			isa = XCBuildConfiguration;
			buildSettings = {
				ALWAYS_SEARCH_USER_PATHS = NO;
				CLANG_ANALYZER_NONNULL = YES;
				CLANG_CXX_LANGUAGE_STANDARD = "gnu++0x";
				CLANG_CXX_LIBRARY = "libc++";
				CLANG_ENABLE_MODULES = YES;
				CLANG_ENABLE_OBJC_ARC = YES;
				CLANG_WARN_BOOL_CONVERSION = YES;
				CLANG_WARN_CONSTANT_CONVERSION = YES;
				CLANG_WARN_DIRECT_OBJC_ISA_USAGE = YES_ERROR;
				CLANG_WARN_DOCUMENTATION_COMMENTS = YES;
				CLANG_WARN_EMPTY_BODY = YES;
				CLANG_WARN_ENUM_CONVERSION = YES;
				CLANG_WARN_INFINITE_RECURSION = YES;
				CLANG_WARN_INT_CONVERSION = YES;
				CLANG_WARN_OBJC_ROOT_CLASS = YES_ERROR;
				CLANG_WARN_SUSPICIOUS_MOVES = YES;
				CLANG_WARN_UNREACHABLE_CODE = YES;
				CLANG_WARN__DUPLICATE_METHOD_MATCH = YES;
				"CODE_SIGN_IDENTITY[sdk=iphoneos*]" = "iPhone Developer";
				COPY_PHASE_STRIP = NO;
				DEBUG_INFORMATION_FORMAT = "dwarf-with-dsym";
				ENABLE_NS_ASSERTIONS = NO;
				ENABLE_STRICT_OBJC_MSGSEND = YES;
				GCC_C_LANGUAGE_STANDARD = gnu99;
				GCC_NO_COMMON_BLOCKS = YES;
				GCC_WARN_64_TO_32_BIT_CONVERSION = YES;
				GCC_WARN_ABOUT_RETURN_TYPE = YES_ERROR;
				GCC_WARN_UNDECLARED_SELECTOR = YES;
				GCC_WARN_UNINITIALIZED_AUTOS = YES_AGGRESSIVE;
				GCC_WARN_UNUSED_FUNCTION = YES;
				GCC_WARN_UNUSED_VARIABLE = YES;
				IPHONEOS_DEPLOYMENT_TARGET = 10.1;
				MTL_ENABLE_DEBUG_INFO = NO;
				OTHER_LDFLAGS = "-ObjC";
				SDKROOT = iphoneos;
				SWIFT_OPTIMIZATION_LEVEL = "-Owholemodule";
				TARGETED_DEVICE_FAMILY = "1,2";
				USER_HEADER_SEARCH_PATHS = "$(PROJECT_DIR)";
				VALIDATE_PRODUCT = YES;
			};
			name = Release;
		};
		CDE586B61DD4B2E2001D8781 /* Debug */ = {
			isa = XCBuildConfiguration;
			buildSettings = {
				ASSETCATALOG_COMPILER_APPICON_NAME = AppIcon;
				"CODE_SIGN_IDENTITY[sdk=iphoneos*]" = "iPhone Developer";
				DEVELOPMENT_TEAM = 93MU66AW6P;
				FRAMEWORK_SEARCH_PATHS = (
					"$(inherited)",
					"$(PROJECT_DIR)/CaVendramin",
				);
				INFOPLIST_FILE = CaVendramin/Info.plist;
				LD_RUNPATH_SEARCH_PATHS = "$(inherited) @executable_path/Frameworks";
				OTHER_LDFLAGS = "-ObjC";
				PRODUCT_BUNDLE_IDENTIFIER = "Casino--di-Venezia-Gioco-Spa.CaVendramin";
				PRODUCT_NAME = "$(TARGET_NAME)";
				SWIFT_VERSION = 3.0;
			};
			name = Debug;
		};
		CDE586B71DD4B2E2001D8781 /* Release */ = {
			isa = XCBuildConfiguration;
			buildSettings = {
				ASSETCATALOG_COMPILER_APPICON_NAME = AppIcon;
				"CODE_SIGN_IDENTITY[sdk=iphoneos*]" = "iPhone Developer";
				DEVELOPMENT_TEAM = 93MU66AW6P;
				FRAMEWORK_SEARCH_PATHS = (
					"$(inherited)",
					"$(PROJECT_DIR)/CaVendramin",
				);
				INFOPLIST_FILE = CaVendramin/Info.plist;
				LD_RUNPATH_SEARCH_PATHS = "$(inherited) @executable_path/Frameworks";
				OTHER_LDFLAGS = "-ObjC";
				PRODUCT_BUNDLE_IDENTIFIER = "Casino--di-Venezia-Gioco-Spa.CaVendramin";
				PRODUCT_NAME = "$(TARGET_NAME)";
				SWIFT_VERSION = 3.0;
			};
			name = Release;
		};
/* End XCBuildConfiguration section */

/* Begin XCConfigurationList section */
		CDE5869E1DD4B2E2001D8781 /* Build configuration list for PBXProject "CaVendramin" */ = {
			isa = XCConfigurationList;
			buildConfigurations = (
				CDE586B31DD4B2E2001D8781 /* Debug */,
				CDE586B41DD4B2E2001D8781 /* Release */,
			);
			defaultConfigurationIsVisible = 0;
			defaultConfigurationName = Release;
		};
		CDE586B51DD4B2E2001D8781 /* Build configuration list for PBXNativeTarget "CaVendramin" */ = {
			isa = XCConfigurationList;
			buildConfigurations = (
				CDE586B61DD4B2E2001D8781 /* Debug */,
				CDE586B71DD4B2E2001D8781 /* Release */,
			);
			defaultConfigurationIsVisible = 0;
			defaultConfigurationName = Release;
		};
/* End XCConfigurationList section */
	};
	rootObject = CDE5869B1DD4B2E2001D8781 /* Project object */;
}
